
Microsoft Visual Studio Solution File, Format Version 12.00
# Visual Studio Version 17
VisualStudioVersion = 17.10.35013.160
MinimumVisualStudioVersion = 10.0.40219.1
Project("{FAE04EC0-301F-11D3-BF4B-00C04F79EFBC}") = "FIFO.pro1", "FIFO.pro1\FIFO.pro1.csproj", "{DAD206E3-30E7-4A45-AED7-53062A80AF1F}"
EndProject
Project("{FAE04EC0-301F-11D3-BF4B-00C04F79EFBC}") = "FIFO.HR", "FIFO.HR\FIFO.HR.csproj", "{0DBDAEB8-5789-443A-810B-284321852663}"
EndProject
Global
	GlobalSection(SolutionConfigurationPlatforms) = preSolution
		Debug|Any CPU = Debug|Any CPU
		Release|Any CPU = Release|Any CPU
	EndGlobalSection
	GlobalSection(ProjectConfigurationPlatforms) = postSolution
		{DAD206E3-30E7-4A45-AED7-53062A80AF1F}.Debug|Any CPU.ActiveCfg = Debug|Any CPU
		{DAD206E3-30E7-4A45-AED7-53062A80AF1F}.Debug|Any CPU.Build.0 = Debug|Any CPU
		{DAD206E3-30E7-4A45-AED7-53062A80AF1F}.Release|Any CPU.ActiveCfg = Release|Any CPU
		{DAD206E3-30E7-4A45-AED7-53062A80AF1F}.Release|Any CPU.Build.0 = Release|Any CPU
		{0DBDAEB8-5789-443A-810B-284321852663}.Debug|Any CPU.ActiveCfg = Debug|Any CPU
		{0DBDAEB8-5789-443A-810B-284321852663}.Debug|Any CPU.Build.0 = Debug|Any CPU
		{0DBDAEB8-5789-443A-810B-284321852663}.Release|Any CPU.ActiveCfg = Release|Any CPU
		{0DBDAEB8-5789-443A-810B-284321852663}.Release|Any CPU.Build.0 = Release|Any CPU
	EndGlobalSection
	GlobalSection(SolutionProperties) = preSolution
		HideSolutionNode = FALSE
	EndGlobalSection
	GlobalSection(ExtensibilityGlobals) = postSolution
		SolutionGuid = {183FDDE8-972A-4958-8C00-26FC81295E6C}
	EndGlobalSection
EndGlobal
